// !$*UTF8*$!
{
	archiveVersion = 1;
	classes = {
	};
	objectVersion = 55;
	objects = {

/* Begin PBXBuildFile section */
		40611D8928D00F7B006849F1 /* InformationManagementApp.swift in Sources */ = {isa = PBXBuildFile; fileRef = 40611D6128D00F7B006849F1 /* InformationManagementApp.swift */; };
		40611D8A28D00F7B006849F1 /* InformationManagementApp.swift in Sources */ = {isa = PBXBuildFile; fileRef = 40611D6128D00F7B006849F1 /* InformationManagementApp.swift */; };
		40611D8B28D00F7B006849F1 /* ContentView.swift in Sources */ = {isa = PBXBuildFile; fileRef = 40611D6228D00F7B006849F1 /* ContentView.swift */; };
		40611D8C28D00F7B006849F1 /* ContentView.swift in Sources */ = {isa = PBXBuildFile; fileRef = 40611D6228D00F7B006849F1 /* ContentView.swift */; };
		40611D8D28D00F7B006849F1 /* Assets.xcassets in Resources */ = {isa = PBXBuildFile; fileRef = 40611D6328D00F7B006849F1 /* Assets.xcassets */; };
		40611D8E28D00F7B006849F1 /* Assets.xcassets in Resources */ = {isa = PBXBuildFile; fileRef = 40611D6328D00F7B006849F1 /* Assets.xcassets */; };
		40611DA428D0103E006849F1 /* TabUIView.swift in Sources */ = {isa = PBXBuildFile; fileRef = 40611DA328D0103E006849F1 /* TabUIView.swift */; };
		40611DA728D0114E006849F1 /* Test.swift in Sources */ = {isa = PBXBuildFile; fileRef = 40611DA628D0114E006849F1 /* Test.swift */; };
		40611DA928D0118C006849F1 /* Societies.swift in Sources */ = {isa = PBXBuildFile; fileRef = 40611DA828D0118C006849F1 /* Societies.swift */; };
		40611DAB28D01192006849F1 /* Activities.swift in Sources */ = {isa = PBXBuildFile; fileRef = 40611DAA28D01192006849F1 /* Activities.swift */; };
		40611DAD28D01198006849F1 /* Profile.swift in Sources */ = {isa = PBXBuildFile; fileRef = 40611DAC28D01198006849F1 /* Profile.swift */; };
		40611DBB28D01715006849F1 /* UserModel.swift in Sources */ = {isa = PBXBuildFile; fileRef = 40611DBA28D01715006849F1 /* UserModel.swift */; };
		40611DBE28D017E3006849F1 /* UserDB.swift in Sources */ = {isa = PBXBuildFile; fileRef = 40611DBD28D017E3006849F1 /* UserDB.swift */; };
		40611DC028D01E12006849F1 /* StudentModel.swift in Sources */ = {isa = PBXBuildFile; fileRef = 40611DBF28D01E12006849F1 /* StudentModel.swift */; };
		40611DC228D0235E006849F1 /* StudentDB.swift in Sources */ = {isa = PBXBuildFile; fileRef = 40611DC128D0235E006849F1 /* StudentDB.swift */; };
		40611DC428D02763006849F1 /* Home.swift in Sources */ = {isa = PBXBuildFile; fileRef = 40611DC328D02763006849F1 /* Home.swift */; };
		40611DC628D04E38006849F1 /* testItem.swift in Sources */ = {isa = PBXBuildFile; fileRef = 40611DC528D04E38006849F1 /* testItem.swift */; };
		F373892764BD6D337D1917AB /* Pods_InformationManagement__iOS_.framework in Frameworks */ = {isa = PBXBuildFile; fileRef = 763FDF177A1A8655BEA7C0C3 /* Pods_InformationManagement__iOS_.framework */; };
/* End PBXBuildFile section */

/* Begin PBXContainerItemProxy section */
		40611D7628D00F7B006849F1 /* PBXContainerItemProxy */ = {
			isa = PBXContainerItemProxy;
			containerPortal = 40611D5C28D00F7A006849F1 /* Project object */;
			proxyType = 1;
			remoteGlobalIDString = 40611D6728D00F7B006849F1;
			remoteInfo = "InformationManagement (iOS)";
		};
		40611D8228D00F7B006849F1 /* PBXContainerItemProxy */ = {
			isa = PBXContainerItemProxy;
			containerPortal = 40611D5C28D00F7A006849F1 /* Project object */;
			proxyType = 1;
			remoteGlobalIDString = 40611D6D28D00F7B006849F1;
			remoteInfo = "InformationManagement (macOS)";
		};
/* End PBXContainerItemProxy section */

/* Begin PBXFileReference section */
		40611D6128D00F7B006849F1 /* InformationManagementApp.swift */ = {isa = PBXFileReference; lastKnownFileType = sourcecode.swift; path = InformationManagementApp.swift; sourceTree = "<group>"; };
		40611D6228D00F7B006849F1 /* ContentView.swift */ = {isa = PBXFileReference; lastKnownFileType = sourcecode.swift; path = ContentView.swift; sourceTree = "<group>"; };
		40611D6328D00F7B006849F1 /* Assets.xcassets */ = {isa = PBXFileReference; lastKnownFileType = folder.assetcatalog; path = Assets.xcassets; sourceTree = "<group>"; };
		40611D6828D00F7B006849F1 /* InformationManagement.app */ = {isa = PBXFileReference; explicitFileType = wrapper.application; includeInIndex = 0; path = InformationManagement.app; sourceTree = BUILT_PRODUCTS_DIR; };
		40611D6E28D00F7B006849F1 /* InformationManagement.app */ = {isa = PBXFileReference; explicitFileType = wrapper.application; includeInIndex = 0; path = InformationManagement.app; sourceTree = BUILT_PRODUCTS_DIR; };
		40611D7528D00F7B006849F1 /* Tests iOS.xctest */ = {isa = PBXFileReference; explicitFileType = wrapper.cfbundle; includeInIndex = 0; path = "Tests iOS.xctest"; sourceTree = BUILT_PRODUCTS_DIR; };
		40611D8128D00F7B006849F1 /* Tests macOS.xctest */ = {isa = PBXFileReference; explicitFileType = wrapper.cfbundle; includeInIndex = 0; path = "Tests macOS.xctest"; sourceTree = BUILT_PRODUCTS_DIR; };
		40611DA328D0103E006849F1 /* TabUIView.swift */ = {isa = PBXFileReference; lastKnownFileType = sourcecode.swift; path = TabUIView.swift; sourceTree = "<group>"; };
		40611DA628D0114E006849F1 /* Test.swift */ = {isa = PBXFileReference; lastKnownFileType = sourcecode.swift; path = Test.swift; sourceTree = "<group>"; };
		40611DA828D0118C006849F1 /* Societies.swift */ = {isa = PBXFileReference; lastKnownFileType = sourcecode.swift; path = Societies.swift; sourceTree = "<group>"; };
		40611DAA28D01192006849F1 /* Activities.swift */ = {isa = PBXFileReference; lastKnownFileType = sourcecode.swift; path = Activities.swift; sourceTree = "<group>"; };
		40611DAC28D01198006849F1 /* Profile.swift */ = {isa = PBXFileReference; lastKnownFileType = sourcecode.swift; path = Profile.swift; sourceTree = "<group>"; };
		40611DBA28D01715006849F1 /* UserModel.swift */ = {isa = PBXFileReference; lastKnownFileType = sourcecode.swift; path = UserModel.swift; sourceTree = "<group>"; };
		40611DBD28D017E3006849F1 /* UserDB.swift */ = {isa = PBXFileReference; lastKnownFileType = sourcecode.swift; path = UserDB.swift; sourceTree = "<group>"; };
		40611DBF28D01E12006849F1 /* StudentModel.swift */ = {isa = PBXFileReference; lastKnownFileType = sourcecode.swift; path = StudentModel.swift; sourceTree = "<group>"; };
		40611DC128D0235E006849F1 /* StudentDB.swift */ = {isa = PBXFileReference; lastKnownFileType = sourcecode.swift; path = StudentDB.swift; sourceTree = "<group>"; };
		40611DC328D02763006849F1 /* Home.swift */ = {isa = PBXFileReference; lastKnownFileType = sourcecode.swift; path = Home.swift; sourceTree = "<group>"; };
		40611DC528D04E38006849F1 /* testItem.swift */ = {isa = PBXFileReference; lastKnownFileType = sourcecode.swift; path = testItem.swift; sourceTree = "<group>"; };
		763FDF177A1A8655BEA7C0C3 /* Pods_InformationManagement__iOS_.framework */ = {isa = PBXFileReference; explicitFileType = wrapper.framework; includeInIndex = 0; path = Pods_InformationManagement__iOS_.framework; sourceTree = BUILT_PRODUCTS_DIR; };
		915B4AE7ED7FECC604E9423D /* Pods-InformationManagement (iOS).release.xcconfig */ = {isa = PBXFileReference; includeInIndex = 1; lastKnownFileType = text.xcconfig; name = "Pods-InformationManagement (iOS).release.xcconfig"; path = "Target Support Files/Pods-InformationManagement (iOS)/Pods-InformationManagement (iOS).release.xcconfig"; sourceTree = "<group>"; };
		941333C67789F8D8800EEF68 /* Pods-InformationManagement (iOS).debug.xcconfig */ = {isa = PBXFileReference; includeInIndex = 1; lastKnownFileType = text.xcconfig; name = "Pods-InformationManagement (iOS).debug.xcconfig"; path = "Target Support Files/Pods-InformationManagement (iOS)/Pods-InformationManagement (iOS).debug.xcconfig"; sourceTree = "<group>"; };
/* End PBXFileReference section */

/* Begin PBXFrameworksBuildPhase section */
		40611D6528D00F7B006849F1 /* Frameworks */ = {
			isa = PBXFrameworksBuildPhase;
			buildActionMask = 2147483647;
			files = (
				F373892764BD6D337D1917AB /* Pods_InformationManagement__iOS_.framework in Frameworks */,
			);
			runOnlyForDeploymentPostprocessing = 0;
		};
		40611D6B28D00F7B006849F1 /* Frameworks */ = {
			isa = PBXFrameworksBuildPhase;
			buildActionMask = 2147483647;
			files = (
			);
			runOnlyForDeploymentPostprocessing = 0;
		};
		40611D7228D00F7B006849F1 /* Frameworks */ = {
			isa = PBXFrameworksBuildPhase;
			buildActionMask = 2147483647;
			files = (
			);
			runOnlyForDeploymentPostprocessing = 0;
		};
		40611D7E28D00F7B006849F1 /* Frameworks */ = {
			isa = PBXFrameworksBuildPhase;
			buildActionMask = 2147483647;
			files = (
			);
			runOnlyForDeploymentPostprocessing = 0;
		};
/* End PBXFrameworksBuildPhase section */

/* Begin PBXGroup section */
		143CE24E89C0A652303CAE62 /* Pods */ = {
			isa = PBXGroup;
			children = (
				941333C67789F8D8800EEF68 /* Pods-InformationManagement (iOS).debug.xcconfig */,
				915B4AE7ED7FECC604E9423D /* Pods-InformationManagement (iOS).release.xcconfig */,
			);
			path = Pods;
			sourceTree = "<group>";
		};
		40611D5B28D00F7A006849F1 = {
			isa = PBXGroup;
			children = (
				40611D6028D00F7B006849F1 /* Shared */,
				40611D6928D00F7B006849F1 /* Products */,
				143CE24E89C0A652303CAE62 /* Pods */,
				EDA8364A6A764992AAAAF2EC /* Frameworks */,
			);
			sourceTree = "<group>";
		};
		40611D6028D00F7B006849F1 /* Shared */ = {
			isa = PBXGroup;
			children = (
				40611DBC28D017D0006849F1 /* DB */,
				40611D6128D00F7B006849F1 /* InformationManagementApp.swift */,
				40611D9E28D00FAD006849F1 /* Model */,
				40611D9F28D00FB4006849F1 /* ViewModel */,
				40611D9D28D00FA2006849F1 /* View */,
				40611DA128D00FD3006849F1 /* Resourses */,
				40611DA028D00FCA006849F1 /* Utils */,
				40611D6228D00F7B006849F1 /* ContentView.swift */,
				40611D6328D00F7B006849F1 /* Assets.xcassets */,
			);
			path = Shared;
			sourceTree = "<group>";
		};
		40611D6928D00F7B006849F1 /* Products */ = {
			isa = PBXGroup;
			children = (
				40611D6828D00F7B006849F1 /* InformationManagement.app */,
				40611D6E28D00F7B006849F1 /* InformationManagement.app */,
				40611D7528D00F7B006849F1 /* Tests iOS.xctest */,
				40611D8128D00F7B006849F1 /* Tests macOS.xctest */,
			);
			name = Products;
			sourceTree = "<group>";
		};
		40611D9D28D00FA2006849F1 /* View */ = {
			isa = PBXGroup;
			children = (
				40611DA528D0113B006849F1 /* TabViews */,
				40611DA228D01030006849F1 /* Navigation */,
			);
			path = View;
			sourceTree = "<group>";
		};
		40611D9E28D00FAD006849F1 /* Model */ = {
			isa = PBXGroup;
			children = (
				40611DBA28D01715006849F1 /* UserModel.swift */,
				40611DBF28D01E12006849F1 /* StudentModel.swift */,
			);
			path = Model;
			sourceTree = "<group>";
		};
		40611D9F28D00FB4006849F1 /* ViewModel */ = {
			isa = PBXGroup;
			children = (
			);
			path = ViewModel;
			sourceTree = "<group>";
		};
		40611DA028D00FCA006849F1 /* Utils */ = {
			isa = PBXGroup;
			children = (
			);
			path = Utils;
			sourceTree = "<group>";
		};
		40611DA128D00FD3006849F1 /* Resourses */ = {
			isa = PBXGroup;
			children = (
			);
			path = Resourses;
			sourceTree = "<group>";
		};
		40611DA228D01030006849F1 /* Navigation */ = {
			isa = PBXGroup;
			children = (
				40611DA328D0103E006849F1 /* TabUIView.swift */,
			);
			path = Navigation;
			sourceTree = "<group>";
		};
		40611DA528D0113B006849F1 /* TabViews */ = {
			isa = PBXGroup;
			children = (
				40611DA628D0114E006849F1 /* Test.swift */,
				40611DC528D04E38006849F1 /* testItem.swift */,
				40611DC328D02763006849F1 /* Home.swift */,
				40611DA828D0118C006849F1 /* Societies.swift */,
				40611DAA28D01192006849F1 /* Activities.swift */,
				40611DAC28D01198006849F1 /* Profile.swift */,
			);
			path = TabViews;
			sourceTree = "<group>";
		};
		40611DBC28D017D0006849F1 /* DB */ = {
			isa = PBXGroup;
			children = (
				40611DBD28D017E3006849F1 /* UserDB.swift */,
				40611DC128D0235E006849F1 /* StudentDB.swift */,
			);
			path = DB;
			sourceTree = "<group>";
		};
		EDA8364A6A764992AAAAF2EC /* Frameworks */ = {
			isa = PBXGroup;
			children = (
				763FDF177A1A8655BEA7C0C3 /* Pods_InformationManagement__iOS_.framework */,
			);
			name = Frameworks;
			sourceTree = "<group>";
		};
/* End PBXGroup section */

/* Begin PBXNativeTarget section */
		40611D6728D00F7B006849F1 /* InformationManagement (iOS) */ = {
			isa = PBXNativeTarget;
			buildConfigurationList = 40611D9128D00F7B006849F1 /* Build configuration list for PBXNativeTarget "InformationManagement (iOS)" */;
			buildPhases = (
				B6C2F459DB3A930F5413999F /* [CP] Check Pods Manifest.lock */,
				40611D6428D00F7B006849F1 /* Sources */,
				40611D6528D00F7B006849F1 /* Frameworks */,
				40611D6628D00F7B006849F1 /* Resources */,
				F10CB6A86A20FB05CCC2C57A /* [CP] Embed Pods Frameworks */,
			);
			buildRules = (
			);
			dependencies = (
			);
			name = "InformationManagement (iOS)";
			productName = "InformationManagement (iOS)";
			productReference = 40611D6828D00F7B006849F1 /* InformationManagement.app */;
			productType = "com.apple.product-type.application";
		};
		40611D6D28D00F7B006849F1 /* InformationManagement (macOS) */ = {
			isa = PBXNativeTarget;
			buildConfigurationList = 40611D9428D00F7B006849F1 /* Build configuration list for PBXNativeTarget "InformationManagement (macOS)" */;
			buildPhases = (
				40611D6A28D00F7B006849F1 /* Sources */,
				40611D6B28D00F7B006849F1 /* Frameworks */,
				40611D6C28D00F7B006849F1 /* Resources */,
			);
			buildRules = (
			);
			dependencies = (
			);
			name = "InformationManagement (macOS)";
			productName = "InformationManagement (macOS)";
			productReference = 40611D6E28D00F7B006849F1 /* InformationManagement.app */;
			productType = "com.apple.product-type.application";
		};
		40611D7428D00F7B006849F1 /* Tests iOS */ = {
			isa = PBXNativeTarget;
			buildConfigurationList = 40611D9728D00F7B006849F1 /* Build configuration list for PBXNativeTarget "Tests iOS" */;
			buildPhases = (
				40611D7128D00F7B006849F1 /* Sources */,
				40611D7228D00F7B006849F1 /* Frameworks */,
				40611D7328D00F7B006849F1 /* Resources */,
			);
			buildRules = (
			);
			dependencies = (
				40611D7728D00F7B006849F1 /* PBXTargetDependency */,
			);
			name = "Tests iOS";
			productName = "Tests iOS";
			productReference = 40611D7528D00F7B006849F1 /* Tests iOS.xctest */;
			productType = "com.apple.product-type.bundle.ui-testing";
		};
		40611D8028D00F7B006849F1 /* Tests macOS */ = {
			isa = PBXNativeTarget;
			buildConfigurationList = 40611D9A28D00F7B006849F1 /* Build configuration list for PBXNativeTarget "Tests macOS" */;
			buildPhases = (
				40611D7D28D00F7B006849F1 /* Sources */,
				40611D7E28D00F7B006849F1 /* Frameworks */,
				40611D7F28D00F7B006849F1 /* Resources */,
			);
			buildRules = (
			);
			dependencies = (
				40611D8328D00F7B006849F1 /* PBXTargetDependency */,
			);
			name = "Tests macOS";
			productName = "Tests macOS";
			productReference = 40611D8128D00F7B006849F1 /* Tests macOS.xctest */;
			productType = "com.apple.product-type.bundle.ui-testing";
		};
/* End PBXNativeTarget section */

/* Begin PBXProject section */
		40611D5C28D00F7A006849F1 /* Project object */ = {
			isa = PBXProject;
			attributes = {
				BuildIndependentTargetsInParallel = 1;
				LastSwiftUpdateCheck = 1340;
				LastUpgradeCheck = 1340;
				TargetAttributes = {
					40611D6728D00F7B006849F1 = {
						CreatedOnToolsVersion = 13.4.1;
					};
					40611D6D28D00F7B006849F1 = {
						CreatedOnToolsVersion = 13.4.1;
					};
					40611D7428D00F7B006849F1 = {
						CreatedOnToolsVersion = 13.4.1;
						TestTargetID = 40611D6728D00F7B006849F1;
					};
					40611D8028D00F7B006849F1 = {
						CreatedOnToolsVersion = 13.4.1;
						TestTargetID = 40611D6D28D00F7B006849F1;
					};
				};
			};
			buildConfigurationList = 40611D5F28D00F7A006849F1 /* Build configuration list for PBXProject "InformationManagement" */;
			compatibilityVersion = "Xcode 13.0";
			developmentRegion = en;
			hasScannedForEncodings = 0;
			knownRegions = (
				en,
				Base,
			);
			mainGroup = 40611D5B28D00F7A006849F1;
			productRefGroup = 40611D6928D00F7B006849F1 /* Products */;
			projectDirPath = "";
			projectRoot = "";
			targets = (
				40611D6728D00F7B006849F1 /* InformationManagement (iOS) */,
				40611D6D28D00F7B006849F1 /* InformationManagement (macOS) */,
				40611D7428D00F7B006849F1 /* Tests iOS */,
				40611D8028D00F7B006849F1 /* Tests macOS */,
			);
		};
/* End PBXProject section */

/* Begin PBXResourcesBuildPhase section */
		40611D6628D00F7B006849F1 /* Resources */ = {
			isa = PBXResourcesBuildPhase;
			buildActionMask = 2147483647;
			files = (
				40611D8D28D00F7B006849F1 /* Assets.xcassets in Resources */,
			);
			runOnlyForDeploymentPostprocessing = 0;
		};
		40611D6C28D00F7B006849F1 /* Resources */ = {
			isa = PBXResourcesBuildPhase;
			buildActionMask = 2147483647;
			files = (
				40611D8E28D00F7B006849F1 /* Assets.xcassets in Resources */,
			);
			runOnlyForDeploymentPostprocessing = 0;
		};
		40611D7328D00F7B006849F1 /* Resources */ = {
			isa = PBXResourcesBuildPhase;
			buildActionMask = 2147483647;
			files = (
			);
			runOnlyForDeploymentPostprocessing = 0;
		};
		40611D7F28D00F7B006849F1 /* Resources */ = {
			isa = PBXResourcesBuildPhase;
			buildActionMask = 2147483647;
			files = (
			);
			runOnlyForDeploymentPostprocessing = 0;
		};
/* End PBXResourcesBuildPhase section */

/* Begin PBXShellScriptBuildPhase section */
		B6C2F459DB3A930F5413999F /* [CP] Check Pods Manifest.lock */ = {
			isa = PBXShellScriptBuildPhase;
			buildActionMask = 2147483647;
			files = (
			);
			inputFileListPaths = (
			);
			inputPaths = (
				"${PODS_PODFILE_DIR_PATH}/Podfile.lock",
				"${PODS_ROOT}/Manifest.lock",
			);
			name = "[CP] Check Pods Manifest.lock";
			outputFileListPaths = (
			);
			outputPaths = (
				"$(DERIVED_FILE_DIR)/Pods-InformationManagement (iOS)-checkManifestLockResult.txt",
			);
			runOnlyForDeploymentPostprocessing = 0;
			shellPath = /bin/sh;
			shellScript = "diff \"${PODS_PODFILE_DIR_PATH}/Podfile.lock\" \"${PODS_ROOT}/Manifest.lock\" > /dev/null\nif [ $? != 0 ] ; then\n    # print error to STDERR\n    echo \"error: The sandbox is not in sync with the Podfile.lock. Run 'pod install' or update your CocoaPods installation.\" >&2\n    exit 1\nfi\n# This output is used by Xcode 'outputs' to avoid re-running this script phase.\necho \"SUCCESS\" > \"${SCRIPT_OUTPUT_FILE_0}\"\n";
			showEnvVarsInLog = 0;
		};
		F10CB6A86A20FB05CCC2C57A /* [CP] Embed Pods Frameworks */ = {
			isa = PBXShellScriptBuildPhase;
			buildActionMask = 2147483647;
			files = (
			);
			inputFileListPaths = (
				"${PODS_ROOT}/Target Support Files/Pods-InformationManagement (iOS)/Pods-InformationManagement (iOS)-frameworks-${CONFIGURATION}-input-files.xcfilelist",
			);
			name = "[CP] Embed Pods Frameworks";
			outputFileListPaths = (
				"${PODS_ROOT}/Target Support Files/Pods-InformationManagement (iOS)/Pods-InformationManagement (iOS)-frameworks-${CONFIGURATION}-output-files.xcfilelist",
			);
			runOnlyForDeploymentPostprocessing = 0;
			shellPath = /bin/sh;
			shellScript = "\"${PODS_ROOT}/Target Support Files/Pods-InformationManagement (iOS)/Pods-InformationManagement (iOS)-frameworks.sh\"\n";
			showEnvVarsInLog = 0;
		};
/* End PBXShellScriptBuildPhase section */

/* Begin PBXSourcesBuildPhase section */
		40611D6428D00F7B006849F1 /* Sources */ = {
			isa = PBXSourcesBuildPhase;
			buildActionMask = 2147483647;
			files = (
				40611D8B28D00F7B006849F1 /* ContentView.swift in Sources */,
				40611D8928D00F7B006849F1 /* InformationManagementApp.swift in Sources */,
				40611DBB28D01715006849F1 /* UserModel.swift in Sources */,
				40611DC028D01E12006849F1 /* StudentModel.swift in Sources */,
				40611DC228D0235E006849F1 /* StudentDB.swift in Sources */,
				40611DAB28D01192006849F1 /* Activities.swift in Sources */,
				40611DAD28D01198006849F1 /* Profile.swift in Sources */,
				40611DA728D0114E006849F1 /* Test.swift in Sources */,
				40611DBE28D017E3006849F1 /* UserDB.swift in Sources */,
				40611DA928D0118C006849F1 /* Societies.swift in Sources */,
				40611DC428D02763006849F1 /* Home.swift in Sources */,
				40611DC628D04E38006849F1 /* testItem.swift in Sources */,
				40611DA428D0103E006849F1 /* TabUIView.swift in Sources */,
			);
			runOnlyForDeploymentPostprocessing = 0;
		};
		40611D6A28D00F7B006849F1 /* Sources */ = {
			isa = PBXSourcesBuildPhase;
			buildActionMask = 2147483647;
			files = (
				40611D8C28D00F7B006849F1 /* ContentView.swift in Sources */,
				40611D8A28D00F7B006849F1 /* InformationManagementApp.swift in Sources */,
			);
			runOnlyForDeploymentPostprocessing = 0;
		};
		40611D7128D00F7B006849F1 /* Sources */ = {
			isa = PBXSourcesBuildPhase;
			buildActionMask = 2147483647;
			files = (
			);
			runOnlyForDeploymentPostprocessing = 0;
		};
		40611D7D28D00F7B006849F1 /* Sources */ = {
			isa = PBXSourcesBuildPhase;
			buildActionMask = 2147483647;
			files = (
			);
			runOnlyForDeploymentPostprocessing = 0;
		};
/* End PBXSourcesBuildPhase section */

/* Begin PBXTargetDependency section */
		40611D7728D00F7B006849F1 /* PBXTargetDependency */ = {
			isa = PBXTargetDependency;
			target = 40611D6728D00F7B006849F1 /* InformationManagement (iOS) */;
			targetProxy = 40611D7628D00F7B006849F1 /* PBXContainerItemProxy */;
		};
		40611D8328D00F7B006849F1 /* PBXTargetDependency */ = {
			isa = PBXTargetDependency;
			target = 40611D6D28D00F7B006849F1 /* InformationManagement (macOS) */;
			targetProxy = 40611D8228D00F7B006849F1 /* PBXContainerItemProxy */;
		};
/* End PBXTargetDependency section */

/* Begin XCBuildConfiguration section */
		40611D8F28D00F7B006849F1 /* Debug */ = {
			isa = XCBuildConfiguration;
			buildSettings = {
				ALWAYS_SEARCH_USER_PATHS = NO;
				CLANG_ANALYZER_NONNULL = YES;
				CLANG_ANALYZER_NUMBER_OBJECT_CONVERSION = YES_AGGRESSIVE;
				CLANG_CXX_LANGUAGE_STANDARD = "gnu++17";
				CLANG_ENABLE_MODULES = YES;
				CLANG_ENABLE_OBJC_ARC = YES;
				CLANG_ENABLE_OBJC_WEAK = YES;
				CLANG_WARN_BLOCK_CAPTURE_AUTORELEASING = YES;
				CLANG_WARN_BOOL_CONVERSION = YES;
				CLANG_WARN_COMMA = YES;
				CLANG_WARN_CONSTANT_CONVERSION = YES;
				CLANG_WARN_DEPRECATED_OBJC_IMPLEMENTATIONS = YES;
				CLANG_WARN_DIRECT_OBJC_ISA_USAGE = YES_ERROR;
				CLANG_WARN_DOCUMENTATION_COMMENTS = YES;
				CLANG_WARN_EMPTY_BODY = YES;
				CLANG_WARN_ENUM_CONVERSION = YES;
				CLANG_WARN_INFINITE_RECURSION = YES;
				CLANG_WARN_INT_CONVERSION = YES;
				CLANG_WARN_NON_LITERAL_NULL_CONVERSION = YES;
				CLANG_WARN_OBJC_IMPLICIT_RETAIN_SELF = YES;
				CLANG_WARN_OBJC_LITERAL_CONVERSION = YES;
				CLANG_WARN_OBJC_ROOT_CLASS = YES_ERROR;
				CLANG_WARN_QUOTED_INCLUDE_IN_FRAMEWORK_HEADER = YES;
				CLANG_WARN_RANGE_LOOP_ANALYSIS = YES;
				CLANG_WARN_STRICT_PROTOTYPES = YES;
				CLANG_WARN_SUSPICIOUS_MOVE = YES;
				CLANG_WARN_UNGUARDED_AVAILABILITY = YES_AGGRESSIVE;
				CLANG_WARN_UNREACHABLE_CODE = YES;
				CLANG_WARN__DUPLICATE_METHOD_MATCH = YES;
				COPY_PHASE_STRIP = NO;
				DEBUG_INFORMATION_FORMAT = dwarf;
				ENABLE_STRICT_OBJC_MSGSEND = YES;
				ENABLE_TESTABILITY = YES;
				GCC_C_LANGUAGE_STANDARD = gnu11;
				GCC_DYNAMIC_NO_PIC = NO;
				GCC_NO_COMMON_BLOCKS = YES;
				GCC_OPTIMIZATION_LEVEL = 0;
				GCC_PREPROCESSOR_DEFINITIONS = (
					"DEBUG=1",
					"$(inherited)",
				);
				GCC_WARN_64_TO_32_BIT_CONVERSION = YES;
				GCC_WARN_ABOUT_RETURN_TYPE = YES_ERROR;
				GCC_WARN_UNDECLARED_SELECTOR = YES;
				GCC_WARN_UNINITIALIZED_AUTOS = YES_AGGRESSIVE;
				GCC_WARN_UNUSED_FUNCTION = YES;
				GCC_WARN_UNUSED_VARIABLE = YES;
				MTL_ENABLE_DEBUG_INFO = INCLUDE_SOURCE;
				MTL_FAST_MATH = YES;
				ONLY_ACTIVE_ARCH = YES;
				SWIFT_ACTIVE_COMPILATION_CONDITIONS = DEBUG;
				SWIFT_OPTIMIZATION_LEVEL = "-Onone";
			};
			name = Debug;
		};
		40611D9028D00F7B006849F1 /* Release */ = {
			isa = XCBuildConfiguration;
			buildSettings = {
				ALWAYS_SEARCH_USER_PATHS = NO;
				CLANG_ANALYZER_NONNULL = YES;
				CLANG_ANALYZER_NUMBER_OBJECT_CONVERSION = YES_AGGRESSIVE;
				CLANG_CXX_LANGUAGE_STANDARD = "gnu++17";
				CLANG_ENABLE_MODULES = YES;
				CLANG_ENABLE_OBJC_ARC = YES;
				CLANG_ENABLE_OBJC_WEAK = YES;
				CLANG_WARN_BLOCK_CAPTURE_AUTORELEASING = YES;
				CLANG_WARN_BOOL_CONVERSION = YES;
				CLANG_WARN_COMMA = YES;
				CLANG_WARN_CONSTANT_CONVERSION = YES;
				CLANG_WARN_DEPRECATED_OBJC_IMPLEMENTATIONS = YES;
				CLANG_WARN_DIRECT_OBJC_ISA_USAGE = YES_ERROR;
				CLANG_WARN_DOCUMENTATION_COMMENTS = YES;
				CLANG_WARN_EMPTY_BODY = YES;
				CLANG_WARN_ENUM_CONVERSION = YES;
				CLANG_WARN_INFINITE_RECURSION = YES;
				CLANG_WARN_INT_CONVERSION = YES;
				CLANG_WARN_NON_LITERAL_NULL_CONVERSION = YES;
				CLANG_WARN_OBJC_IMPLICIT_RETAIN_SELF = YES;
				CLANG_WARN_OBJC_LITERAL_CONVERSION = YES;
				CLANG_WARN_OBJC_ROOT_CLASS = YES_ERROR;
				CLANG_WARN_QUOTED_INCLUDE_IN_FRAMEWORK_HEADER = YES;
				CLANG_WARN_RANGE_LOOP_ANALYSIS = YES;
				CLANG_WARN_STRICT_PROTOTYPES = YES;
				CLANG_WARN_SUSPICIOUS_MOVE = YES;
				CLANG_WARN_UNGUARDED_AVAILABILITY = YES_AGGRESSIVE;
				CLANG_WARN_UNREACHABLE_CODE = YES;
				CLANG_WARN__DUPLICATE_METHOD_MATCH = YES;
				COPY_PHASE_STRIP = NO;
				DEBUG_INFORMATION_FORMAT = "dwarf-with-dsym";
				ENABLE_NS_ASSERTIONS = NO;
				ENABLE_STRICT_OBJC_MSGSEND = YES;
				GCC_C_LANGUAGE_STANDARD = gnu11;
				GCC_NO_COMMON_BLOCKS = YES;
				GCC_WARN_64_TO_32_BIT_CONVERSION = YES;
				GCC_WARN_ABOUT_RETURN_TYPE = YES_ERROR;
				GCC_WARN_UNDECLARED_SELECTOR = YES;
				GCC_WARN_UNINITIALIZED_AUTOS = YES_AGGRESSIVE;
				GCC_WARN_UNUSED_FUNCTION = YES;
				GCC_WARN_UNUSED_VARIABLE = YES;
				MTL_ENABLE_DEBUG_INFO = NO;
				MTL_FAST_MATH = YES;
				SWIFT_COMPILATION_MODE = wholemodule;
				SWIFT_OPTIMIZATION_LEVEL = "-O";
			};
			name = Release;
		};
		40611D9228D00F7B006849F1 /* Debug */ = {
			isa = XCBuildConfiguration;
			baseConfigurationReference = 941333C67789F8D8800EEF68 /* Pods-InformationManagement (iOS).debug.xcconfig */;
			buildSettings = {
				ASSETCATALOG_COMPILER_APPICON_NAME = AppIcon;
				ASSETCATALOG_COMPILER_GLOBAL_ACCENT_COLOR_NAME = AccentColor;
				CODE_SIGN_STYLE = Automatic;
				CURRENT_PROJECT_VERSION = 1;
				ENABLE_PREVIEWS = YES;
				GENERATE_INFOPLIST_FILE = YES;
				INFOPLIST_KEY_UIApplicationSceneManifest_Generation = YES;
				INFOPLIST_KEY_UIApplicationSupportsIndirectInputEvents = YES;
				INFOPLIST_KEY_UILaunchScreen_Generation = YES;
				INFOPLIST_KEY_UISupportedInterfaceOrientations_iPad = "UIInterfaceOrientationPortrait UIInterfaceOrientationPortraitUpsideDown UIInterfaceOrientationLandscapeLeft UIInterfaceOrientationLandscapeRight";
				INFOPLIST_KEY_UISupportedInterfaceOrientations_iPhone = "UIInterfaceOrientationPortrait UIInterfaceOrientationLandscapeLeft UIInterfaceOrientationLandscapeRight";
				IPHONEOS_DEPLOYMENT_TARGET = 15.0;
				LD_RUNPATH_SEARCH_PATHS = (
					"$(inherited)",
					"@executable_path/Frameworks",
				);
				MARKETING_VERSION = 1.0;
				PRODUCT_BUNDLE_IDENTIFIER = com.mahanshiran.test.InformationManagement;
				PRODUCT_NAME = InformationManagement;
				SDKROOT = iphoneos;
				SWIFT_EMIT_LOC_STRINGS = YES;
				SWIFT_VERSION = 5.0;
				TARGETED_DEVICE_FAMILY = "1,2";
			};
			name = Debug;
		};
		40611D9328D00F7B006849F1 /* Release */ = {
			isa = XCBuildConfiguration;
			baseConfigurationReference = 915B4AE7ED7FECC604E9423D /* Pods-InformationManagement (iOS).release.xcconfig */;
			buildSettings = {
				ASSETCATALOG_COMPILER_APPICON_NAME = AppIcon;
				ASSETCATALOG_COMPILER_GLOBAL_ACCENT_COLOR_NAME = AccentColor;
				CODE_SIGN_STYLE = Automatic;
				CURRENT_PROJECT_VERSION = 1;
				ENABLE_PREVIEWS = YES;
				GENERATE_INFOPLIST_FILE = YES;
				INFOPLIST_KEY_UIApplicationSceneManifest_Generation = YES;
				INFOPLIST_KEY_UIApplicationSupportsIndirectInputEvents = YES;
				INFOPLIST_KEY_UILaunchScreen_Generation = YES;
				INFOPLIST_KEY_UISupportedInterfaceOrientations_iPad = "UIInterfaceOrientationPortrait UIInterfaceOrientationPortraitUpsideDown UIInterfaceOrientationLandscapeLeft UIInterfaceOrientationLandscapeRight";
				INFOPLIST_KEY_UISupportedInterfaceOrientations_iPhone = "UIInterfaceOrientationPortrait UIInterfaceOrientationLandscapeLeft UIInterfaceOrientationLandscapeRight";
				IPHONEOS_DEPLOYMENT_TARGET = 15.0;
				LD_RUNPATH_SEARCH_PATHS = (
					"$(inherited)",
					"@executable_path/Frameworks",
				);
				MARKETING_VERSION = 1.0;
				PRODUCT_BUNDLE_IDENTIFIER = com.mahanshiran.test.InformationManagement;
				PRODUCT_NAME = InformationManagement;
				SDKROOT = iphoneos;
				SWIFT_EMIT_LOC_STRINGS = YES;
				SWIFT_VERSION = 5.0;
				TARGETED_DEVICE_FAMILY = "1,2";
				VALIDATE_PRODUCT = YES;
			};
			name = Release;
		};
		40611D9528D00F7B006849F1 /* Debug */ = {
			isa = XCBuildConfiguration;
			buildSettings = {
				ASSETCATALOG_COMPILER_APPICON_NAME = AppIcon;
				ASSETCATALOG_COMPILER_GLOBAL_ACCENT_COLOR_NAME = AccentColor;
				CODE_SIGN_ENTITLEMENTS = macOS/macOS.entitlements;
				CODE_SIGN_STYLE = Automatic;
				COMBINE_HIDPI_IMAGES = YES;
				CURRENT_PROJECT_VERSION = 1;
				ENABLE_PREVIEWS = YES;
				GENERATE_INFOPLIST_FILE = YES;
				INFOPLIST_KEY_NSHumanReadableCopyright = "";
				LD_RUNPATH_SEARCH_PATHS = (
					"$(inherited)",
					"@executable_path/../Frameworks",
				);
				MACOSX_DEPLOYMENT_TARGET = 12.3;
				MARKETING_VERSION = 1.0;
				PRODUCT_BUNDLE_IDENTIFIER = com.mahanshiran.test.InformationManagement;
				PRODUCT_NAME = InformationManagement;
				SDKROOT = macosx;
				SWIFT_EMIT_LOC_STRINGS = YES;
				SWIFT_VERSION = 5.0;
			};
			name = Debug;
		};
		40611D9628D00F7B006849F1 /* Release */ = {
			isa = XCBuildConfiguration;
			buildSettings = {
				ASSETCATALOG_COMPILER_APPICON_NAME = AppIcon;
				ASSETCATALOG_COMPILER_GLOBAL_ACCENT_COLOR_NAME = AccentColor;
				CODE_SIGN_ENTITLEMENTS = macOS/macOS.entitlements;
				CODE_SIGN_STYLE = Automatic;
				COMBINE_HIDPI_IMAGES = YES;
				CURRENT_PROJECT_VERSION = 1;
				ENABLE_PREVIEWS = YES;
				GENERATE_INFOPLIST_FILE = YES;
				INFOPLIST_KEY_NSHumanReadableCopyright = "";
				LD_RUNPATH_SEARCH_PATHS = (
					"$(inherited)",
					"@executable_path/../Frameworks",
				);
				MACOSX_DEPLOYMENT_TARGET = 12.3;
				MARKETING_VERSION = 1.0;
				PRODUCT_BUNDLE_IDENTIFIER = com.mahanshiran.test.InformationManagement;
				PRODUCT_NAME = InformationManagement;
				SDKROOT = macosx;
				SWIFT_EMIT_LOC_STRINGS = YES;
				SWIFT_VERSION = 5.0;
			};
			name = Release;
		};
		40611D9828D00F7B006849F1 /* Debug */ = {
			isa = XCBuildConfiguration;
			buildSettings = {
				ALWAYS_EMBED_SWIFT_STANDARD_LIBRARIES = YES;
				CODE_SIGN_STYLE = Automatic;
				CURRENT_PROJECT_VERSION = 1;
				GENERATE_INFOPLIST_FILE = YES;
				IPHONEOS_DEPLOYMENT_TARGET = 15.5;
				MARKETING_VERSION = 1.0;
				PRODUCT_BUNDLE_IDENTIFIER = "com.mahanshiran.test.Tests-iOS";
				PRODUCT_NAME = "$(TARGET_NAME)";
				SDKROOT = iphoneos;
				SWIFT_EMIT_LOC_STRINGS = NO;
				SWIFT_VERSION = 5.0;
				TARGETED_DEVICE_FAMILY = "1,2";
				TEST_TARGET_NAME = "InformationManagement (iOS)";
			};
			name = Debug;
		};
		40611D9928D00F7B006849F1 /* Release */ = {
			isa = XCBuildConfiguration;
			buildSettings = {
				ALWAYS_EMBED_SWIFT_STANDARD_LIBRARIES = YES;
				CODE_SIGN_STYLE = Automatic;
				CURRENT_PROJECT_VERSION = 1;
				GENERATE_INFOPLIST_FILE = YES;
				IPHONEOS_DEPLOYMENT_TARGET = 15.5;
				MARKETING_VERSION = 1.0;
				PRODUCT_BUNDLE_IDENTIFIER = "com.mahanshiran.test.Tests-iOS";
				PRODUCT_NAME = "$(TARGET_NAME)";
				SDKROOT = iphoneos;
				SWIFT_EMIT_LOC_STRINGS = NO;
				SWIFT_VERSION = 5.0;
				TARGETED_DEVICE_FAMILY = "1,2";
				TEST_TARGET_NAME = "InformationManagement (iOS)";
				VALIDATE_PRODUCT = YES;
			};
			name = Release;
		};
		40611D9B28D00F7B006849F1 /* Debug */ = {
			isa = XCBuildConfiguration;
			buildSettings = {
				ALWAYS_EMBED_SWIFT_STANDARD_LIBRARIES = YES;
				CODE_SIGN_STYLE = Automatic;
				CURRENT_PROJECT_VERSION = 1;
				GENERATE_INFOPLIST_FILE = YES;
				MACOSX_DEPLOYMENT_TARGET = 12.3;
				MARKETING_VERSION = 1.0;
				PRODUCT_BUNDLE_IDENTIFIER = "com.mahanshiran.test.Tests-macOS";
				PRODUCT_NAME = "$(TARGET_NAME)";
				SDKROOT = macosx;
				SWIFT_EMIT_LOC_STRINGS = NO;
				SWIFT_VERSION = 5.0;
				TEST_TARGET_NAME = "InformationManagement (macOS)";
			};
			name = Debug;
		};
		40611D9C28D00F7B006849F1 /* Release */ = {
			isa = XCBuildConfiguration;
			buildSettings = {
				ALWAYS_EMBED_SWIFT_STANDARD_LIBRARIES = YES;
				CODE_SIGN_STYLE = Automatic;
				CURRENT_PROJECT_VERSION = 1;
				GENERATE_INFOPLIST_FILE = YES;
				MACOSX_DEPLOYMENT_TARGET = 12.3;
				MARKETING_VERSION = 1.0;
				PRODUCT_BUNDLE_IDENTIFIER = "com.mahanshiran.test.Tests-macOS";
				PRODUCT_NAME = "$(TARGET_NAME)";
				SDKROOT = macosx;
				SWIFT_EMIT_LOC_STRINGS = NO;
				SWIFT_VERSION = 5.0;
				TEST_TARGET_NAME = "InformationManagement (macOS)";
			};
			name = Release;
		};
/* End XCBuildConfiguration section */

/* Begin XCConfigurationList section */
		40611D5F28D00F7A006849F1 /* Build configuration list for PBXProject "InformationManagement" */ = {
			isa = XCConfigurationList;
			buildConfigurations = (
				40611D8F28D00F7B006849F1 /* Debug */,
				40611D9028D00F7B006849F1 /* Release */,
			);
			defaultConfigurationIsVisible = 0;
			defaultConfigurationName = Release;
		};
		40611D9128D00F7B006849F1 /* Build configuration list for PBXNativeTarget "InformationManagement (iOS)" */ = {
			isa = XCConfigurationList;
			buildConfigurations = (
				40611D9228D00F7B006849F1 /* Debug */,
				40611D9328D00F7B006849F1 /* Release */,
			);
			defaultConfigurationIsVisible = 0;
			defaultConfigurationName = Release;
		};
		40611D9428D00F7B006849F1 /* Build configuration list for PBXNativeTarget "InformationManagement (macOS)" */ = {
			isa = XCConfigurationList;
			buildConfigurations = (
				40611D9528D00F7B006849F1 /* Debug */,
				40611D9628D00F7B006849F1 /* Release */,
			);
			defaultConfigurationIsVisible = 0;
			defaultConfigurationName = Release;
		};
		40611D9728D00F7B006849F1 /* Build configuration list for PBXNativeTarget "Tests iOS" */ = {
			isa = XCConfigurationList;
			buildConfigurations = (
				40611D9828D00F7B006849F1 /* Debug */,
				40611D9928D00F7B006849F1 /* Release */,
			);
			defaultConfigurationIsVisible = 0;
			defaultConfigurationName = Release;
		};
		40611D9A28D00F7B006849F1 /* Build configuration list for PBXNativeTarget "Tests macOS" */ = {
			isa = XCConfigurationList;
			buildConfigurations = (
				40611D9B28D00F7B006849F1 /* Debug */,
				40611D9C28D00F7B006849F1 /* Release */,
			);
			defaultConfigurationIsVisible = 0;
			defaultConfigurationName = Release;
		};
/* End XCConfigurationList section */
	};
	rootObject = 40611D5C28D00F7A006849F1 /* Project object */;
}
